
Microsoft Visual Studio Solution File, Format Version 12.00
# Visual Studio 15
VisualStudioVersion = 15.0.28307.572
MinimumVisualStudioVersion = 10.0.40219.1
Project("{FAE04EC0-301F-11D3-BF4B-00C04F79EFBC}") = "TvHeadendLib", "TvHeadendLib\TvHeadendLib.csproj", "{E16AE965-E6F8-4AB1-9269-F3B381182A82}"
EndProject
Project("{FAE04EC0-301F-11D3-BF4B-00C04F79EFBC}") = "TvHeadendGui.UnitTest", "TvHeadendGui.UnitTest\TvHeadendGui.UnitTest.csproj", "{9C07192C-F12E-46F4-A04A-6DF6FDDA63D8}"
EndProject
Project("{FAE04EC0-301F-11D3-BF4B-00C04F79EFBC}") = "TvHeadendGui", "TvHeadendGui\TvHeadendGui.csproj", "{A58D58E8-FBAD-4990-8B8B-AB84BD2A1F68}"
EndProject
Project("{FAE04EC0-301F-11D3-BF4B-00C04F79EFBC}") = "TvHeadendCli", "TvHeadendCli\TvHeadendCli.csproj", "{77FFE84C-5F8F-4088-B6FA-187E18ED2EB8}"
EndProject
Project("{2150E333-8FDC-42A3-9474-1A3956D46DE8}") = "Binaries", "Binaries", "{B50CDF61-8AC8-4759-97FD-8552C816C2BF}"
	ProjectSection(SolutionItems) = preProject
		Binaries\AdysTech.CredentialManager.dll = Binaries\AdysTech.CredentialManager.dll
		Binaries\Channels.txt = Binaries\Channels.txt
		Binaries\CommonServiceLocator.dll = Binaries\CommonServiceLocator.dll
		Binaries\ControlzEx.dll = Binaries\ControlzEx.dll
		Binaries\ControlzEx.pdb = Binaries\ControlzEx.pdb
		Binaries\MahApps.Metro.dll = Binaries\MahApps.Metro.dll
		Binaries\MahApps.Metro.IconPacks.dll = Binaries\MahApps.Metro.IconPacks.dll
		Binaries\MahApps.Metro.IconPacks.pdb = Binaries\MahApps.Metro.IconPacks.pdb
		Binaries\MahApps.Metro.pdb = Binaries\MahApps.Metro.pdb
		Binaries\Prism.dll = Binaries\Prism.dll
		Binaries\Prism.pdb = Binaries\Prism.pdb
		Binaries\Prism.Unity.Wpf.dll = Binaries\Prism.Unity.Wpf.dll
		Binaries\Prism.Unity.Wpf.pdb = Binaries\Prism.Unity.Wpf.pdb
		Binaries\Prism.Wpf.dll = Binaries\Prism.Wpf.dll
		Binaries\Prism.Wpf.pdb = Binaries\Prism.Wpf.pdb
		Binaries\RestSharp.dll = Binaries\RestSharp.dll
		Binaries\RestSharp.xml = Binaries\RestSharp.xml
		Binaries\System.Windows.Interactivity.dll = Binaries\System.Windows.Interactivity.dll
		Binaries\TvHeadend.exe = Binaries\TvHeadend.exe
		Binaries\TvHeadend.pdb = Binaries\TvHeadend.pdb
		Binaries\TvHeadendCli.exe = Binaries\TvHeadendCli.exe
		Binaries\TvHeadendCli.exe.config = Binaries\TvHeadendCli.exe.config
		Binaries\TvHeadendCli.pdb = Binaries\TvHeadendCli.pdb
		Binaries\TvHeadendGui.exe = Binaries\TvHeadendGui.exe
		Binaries\TvHeadendGui.pdb = Binaries\TvHeadendGui.pdb
		Binaries\TvHeadendLib.dll = Binaries\TvHeadendLib.dll
		Binaries\TvHeadendLib.dll.config = Binaries\TvHeadendLib.dll.config
		Binaries\TvHeadendLib.pdb = Binaries\TvHeadendLib.pdb
		Binaries\Unity.Abstractions.dll = Binaries\Unity.Abstractions.dll
		Binaries\Unity.Container.dll = Binaries\Unity.Container.dll
	EndProjectSection
EndProject
Global
	GlobalSection(SolutionConfigurationPlatforms) = preSolution
		Debug|Any CPU = Debug|Any CPU
		Release|Any CPU = Release|Any CPU
	EndGlobalSection
	GlobalSection(ProjectConfigurationPlatforms) = postSolution
		{E16AE965-E6F8-4AB1-9269-F3B381182A82}.Debug|Any CPU.ActiveCfg = Debug|Any CPU
		{E16AE965-E6F8-4AB1-9269-F3B381182A82}.Debug|Any CPU.Build.0 = Debug|Any CPU
		{E16AE965-E6F8-4AB1-9269-F3B381182A82}.Release|Any CPU.ActiveCfg = Release|Any CPU
		{E16AE965-E6F8-4AB1-9269-F3B381182A82}.Release|Any CPU.Build.0 = Release|Any CPU
		{9C07192C-F12E-46F4-A04A-6DF6FDDA63D8}.Debug|Any CPU.ActiveCfg = Debug|Any CPU
		{9C07192C-F12E-46F4-A04A-6DF6FDDA63D8}.Debug|Any CPU.Build.0 = Debug|Any CPU
		{9C07192C-F12E-46F4-A04A-6DF6FDDA63D8}.Release|Any CPU.ActiveCfg = Release|Any CPU
		{A58D58E8-FBAD-4990-8B8B-AB84BD2A1F68}.Debug|Any CPU.ActiveCfg = Debug|Any CPU
		{A58D58E8-FBAD-4990-8B8B-AB84BD2A1F68}.Debug|Any CPU.Build.0 = Debug|Any CPU
		{A58D58E8-FBAD-4990-8B8B-AB84BD2A1F68}.Release|Any CPU.ActiveCfg = Release|Any CPU
		{A58D58E8-FBAD-4990-8B8B-AB84BD2A1F68}.Release|Any CPU.Build.0 = Release|Any CPU
		{77FFE84C-5F8F-4088-B6FA-187E18ED2EB8}.Debug|Any CPU.ActiveCfg = Debug|Any CPU
		{77FFE84C-5F8F-4088-B6FA-187E18ED2EB8}.Debug|Any CPU.Build.0 = Debug|Any CPU
		{77FFE84C-5F8F-4088-B6FA-187E18ED2EB8}.Release|Any CPU.ActiveCfg = Release|Any CPU
		{77FFE84C-5F8F-4088-B6FA-187E18ED2EB8}.Release|Any CPU.Build.0 = Release|Any CPU
	EndGlobalSection
	GlobalSection(SolutionProperties) = preSolution
		HideSolutionNode = FALSE
	EndGlobalSection
	GlobalSection(ExtensibilityGlobals) = postSolution
		SolutionGuid = {18692A26-A308-4EF1-887B-99413A17AE00}
	EndGlobalSection
EndGlobal
